
Microsoft Visual Studio Solution File, Format Version 12.00
# Visual Studio 2012
Project("{FAE04EC0-301F-11D3-BF4B-00C04F79EFBC}") = "LiferayPush-iOS-Binding", "LiferayPush-iOS-Binding.csproj", "{4D92FBB3-A689-4E7F-A4F9-13431D8D5D33}"
EndProject
Project("{FAE04EC0-301F-11D3-BF4B-00C04F79EFBC}") = "Push-iOS", "Push-iOS\Push-iOS.csproj", "{D3DE1FCF-273E-4642-B82B-06FF865F6788}"
EndProject
Project("{FAE04EC0-301F-11D3-BF4B-00C04F79EFBC}") = "Liferay-Push-Android-Binding", "Liferay-Push-Android-Binding\Liferay-Push-Android-Binding.csproj", "{BF3237D1-E891-436C-A28E-980786F4A76F}"
EndProject
Global
	GlobalSection(SolutionConfigurationPlatforms) = preSolution
		Debug|Any CPU = Debug|Any CPU
		Release|Any CPU = Release|Any CPU
		Debug|iPhoneSimulator = Debug|iPhoneSimulator
		Release|iPhone = Release|iPhone
		Release|iPhoneSimulator = Release|iPhoneSimulator
		Debug|iPhone = Debug|iPhone
	EndGlobalSection
	GlobalSection(ProjectConfigurationPlatforms) = postSolution
		{4D92FBB3-A689-4E7F-A4F9-13431D8D5D33}.Debug|Any CPU.ActiveCfg = Debug|Any CPU
		{4D92FBB3-A689-4E7F-A4F9-13431D8D5D33}.Debug|Any CPU.Build.0 = Debug|Any CPU
		{4D92FBB3-A689-4E7F-A4F9-13431D8D5D33}.Release|Any CPU.ActiveCfg = Release|Any CPU
		{4D92FBB3-A689-4E7F-A4F9-13431D8D5D33}.Release|Any CPU.Build.0 = Release|Any CPU
		{4D92FBB3-A689-4E7F-A4F9-13431D8D5D33}.Debug|iPhoneSimulator.ActiveCfg = Debug|Any CPU
		{4D92FBB3-A689-4E7F-A4F9-13431D8D5D33}.Debug|iPhoneSimulator.Build.0 = Debug|Any CPU
		{4D92FBB3-A689-4E7F-A4F9-13431D8D5D33}.Release|iPhone.ActiveCfg = Release|Any CPU
		{4D92FBB3-A689-4E7F-A4F9-13431D8D5D33}.Release|iPhone.Build.0 = Release|Any CPU
		{4D92FBB3-A689-4E7F-A4F9-13431D8D5D33}.Release|iPhoneSimulator.ActiveCfg = Release|Any CPU
		{4D92FBB3-A689-4E7F-A4F9-13431D8D5D33}.Release|iPhoneSimulator.Build.0 = Release|Any CPU
		{4D92FBB3-A689-4E7F-A4F9-13431D8D5D33}.Debug|iPhone.ActiveCfg = Debug|Any CPU
		{4D92FBB3-A689-4E7F-A4F9-13431D8D5D33}.Debug|iPhone.Build.0 = Debug|Any CPU
		{D3DE1FCF-273E-4642-B82B-06FF865F6788}.Debug|Any CPU.ActiveCfg = Debug|iPhoneSimulator
		{D3DE1FCF-273E-4642-B82B-06FF865F6788}.Debug|Any CPU.Build.0 = Debug|iPhoneSimulator
		{D3DE1FCF-273E-4642-B82B-06FF865F6788}.Release|Any CPU.ActiveCfg = Release|iPhone
		{D3DE1FCF-273E-4642-B82B-06FF865F6788}.Release|Any CPU.Build.0 = Release|iPhone
		{D3DE1FCF-273E-4642-B82B-06FF865F6788}.Debug|iPhoneSimulator.ActiveCfg = Debug|iPhoneSimulator
		{D3DE1FCF-273E-4642-B82B-06FF865F6788}.Debug|iPhoneSimulator.Build.0 = Debug|iPhoneSimulator
		{D3DE1FCF-273E-4642-B82B-06FF865F6788}.Release|iPhone.ActiveCfg = Release|iPhone
		{D3DE1FCF-273E-4642-B82B-06FF865F6788}.Release|iPhone.Build.0 = Release|iPhone
		{D3DE1FCF-273E-4642-B82B-06FF865F6788}.Release|iPhoneSimulator.ActiveCfg = Release|iPhoneSimulator
		{D3DE1FCF-273E-4642-B82B-06FF865F6788}.Release|iPhoneSimulator.Build.0 = Release|iPhoneSimulator
		{D3DE1FCF-273E-4642-B82B-06FF865F6788}.Debug|iPhone.ActiveCfg = Debug|iPhone
		{D3DE1FCF-273E-4642-B82B-06FF865F6788}.Debug|iPhone.Build.0 = Debug|iPhone
		{BF3237D1-E891-436C-A28E-980786F4A76F}.Debug|Any CPU.ActiveCfg = Debug|Any CPU
		{BF3237D1-E891-436C-A28E-980786F4A76F}.Debug|Any CPU.Build.0 = Debug|Any CPU
		{BF3237D1-E891-436C-A28E-980786F4A76F}.Release|Any CPU.ActiveCfg = Release|Any CPU
		{BF3237D1-E891-436C-A28E-980786F4A76F}.Release|Any CPU.Build.0 = Release|Any CPU
		{BF3237D1-E891-436C-A28E-980786F4A76F}.Debug|iPhoneSimulator.ActiveCfg = Debug|Any CPU
		{BF3237D1-E891-436C-A28E-980786F4A76F}.Debug|iPhoneSimulator.Build.0 = Debug|Any CPU
		{BF3237D1-E891-436C-A28E-980786F4A76F}.Release|iPhone.ActiveCfg = Release|Any CPU
		{BF3237D1-E891-436C-A28E-980786F4A76F}.Release|iPhone.Build.0 = Release|Any CPU
		{BF3237D1-E891-436C-A28E-980786F4A76F}.Release|iPhoneSimulator.ActiveCfg = Release|Any CPU
		{BF3237D1-E891-436C-A28E-980786F4A76F}.Release|iPhoneSimulator.Build.0 = Release|Any CPU
		{BF3237D1-E891-436C-A28E-980786F4A76F}.Debug|iPhone.ActiveCfg = Debug|Any CPU
		{BF3237D1-E891-436C-A28E-980786F4A76F}.Debug|iPhone.Build.0 = Debug|Any CPU
	EndGlobalSection
EndGlobal
